
Microsoft Visual Studio Solution File, Format Version 12.00
# Visual Studio Version 16
VisualStudioVersion = 16.0.32802.440
MinimumVisualStudioVersion = 10.0.40219.1
Project("{FAE04EC0-301F-11D3-BF4B-00C04F79EFBC}") = "projectShop123", "projectShop123\projectShop123.csproj", "{E8AC903E-A84F-4770-9EE9-A1D4B61D79FC}"
EndProject
Global
	GlobalSection(SolutionConfigurationPlatforms) = preSolution
		Debug|Any CPU = Debug|Any CPU
		Release|Any CPU = Release|Any CPU
	EndGlobalSection
	GlobalSection(ProjectConfigurationPlatforms) = postSolution
		{E8AC903E-A84F-4770-9EE9-A1D4B61D79FC}.Debug|Any CPU.ActiveCfg = Debug|Any CPU
		{E8AC903E-A84F-4770-9EE9-A1D4B61D79FC}.Debug|Any CPU.Build.0 = Debug|Any CPU
		{E8AC903E-A84F-4770-9EE9-A1D4B61D79FC}.Release|Any CPU.ActiveCfg = Release|Any CPU
		{E8AC903E-A84F-4770-9EE9-A1D4B61D79FC}.Release|Any CPU.Build.0 = Release|Any CPU
	EndGlobalSection
	GlobalSection(SolutionProperties) = preSolution
		HideSolutionNode = FALSE
	EndGlobalSection
	GlobalSection(ExtensibilityGlobals) = postSolution
		SolutionGuid = {E7C238E4-4D4B-4175-8F68-532912C923C9}
	EndGlobalSection
EndGlobal
